
Microsoft Visual Studio Solution File, Format Version 12.00
# Visual Studio Version 16
VisualStudioVersion = 16.0.30711.63
MinimumVisualStudioVersion = 10.0.40219.1
Project("{FAE04EC0-301F-11D3-BF4B-00C04F79EFBC}") = "Week9StoredProceduresAndFunctionsAppInForm", "Week9StoredProceduresAndFunctionsAppInForm\Week9StoredProceduresAndFunctionsAppInForm.csproj", "{BDA2E2FE-5778-44E9-8489-18B50B92E333}"
EndProject
Global
	GlobalSection(SolutionConfigurationPlatforms) = preSolution
		Debug|Any CPU = Debug|Any CPU
		Release|Any CPU = Release|Any CPU
	EndGlobalSection
	GlobalSection(ProjectConfigurationPlatforms) = postSolution
		{BDA2E2FE-5778-44E9-8489-18B50B92E333}.Debug|Any CPU.ActiveCfg = Debug|Any CPU
		{BDA2E2FE-5778-44E9-8489-18B50B92E333}.Debug|Any CPU.Build.0 = Debug|Any CPU
		{BDA2E2FE-5778-44E9-8489-18B50B92E333}.Release|Any CPU.ActiveCfg = Release|Any CPU
		{BDA2E2FE-5778-44E9-8489-18B50B92E333}.Release|Any CPU.Build.0 = Release|Any CPU
	EndGlobalSection
	GlobalSection(SolutionProperties) = preSolution
		HideSolutionNode = FALSE
	EndGlobalSection
	GlobalSection(ExtensibilityGlobals) = postSolution
		SolutionGuid = {B41FFAF2-84A5-48A1-A8BB-80BFC64590D5}
	EndGlobalSection
EndGlobal
